{
    "_readme": [
        "This file locks the dependencies of your project to a known state",
        "Read more about it at https://getcomposer.org/doc/01-basic-usage.md#installing-dependencies",
        "This file is @generated automatically"
    ],
    "content-hash": "9bf9d31a7e829e7e4ec8ec89e03bae9c",
    "packages": [
        {
            "name": "fire015/flintstone",
            "version": "v2.2",
            "source": {
                "type": "git",
                "url": "https://github.com/fire015/flintstone.git",
                "reference": "b507136fb5119c5d3be2c7530eb33a91a5bd0aff"
            },
            "dist": {
                "type": "zip",
                "url": "https://api.github.com/repos/fire015/flintstone/zipball/b507136fb5119c5d3be2c7530eb33a91a5bd0aff",
                "reference": "b507136fb5119c5d3be2c7530eb33a91a5bd0aff",
                "shasum": ""
            },
            "require": {
                "php": ">=7.0"
            },
            "require-dev": {
                "phpunit/phpunit": "^6"
            },
            "type": "library",
            "autoload": {
                "psr-4": {
                    "Flintstone\\": "src/"
                }
            },
            "notification-url": "https://packagist.org/downloads/",
            "license": [
                "MIT"
            ],
            "authors": [
                {
                    "name": "Jason M",
                    "email": "emailfire@gmail.com"
                }
            ],
            "description": "A key/value database store using flat files for PHP",
            "homepage": "http://www.xeweb.net/flintstone/",
            "keywords": [
                "cache",
                "database",
                "files",
                "flintstone",
                "memory"
            ],
            "support": {
                "issues": "https://github.com/fire015/flintstone/issues",
                "source": "https://github.com/fire015/flintstone/tree/master"
            },
            "time": "2019-03-12T12:12:25+00:00"
        },
        {
            "name": "gettext/gettext",
            "version": "v5.5.4",
            "source": {
                "type": "git",
                "url": "https://github.com/php-gettext/Gettext.git",
                "reference": "77baf40326b4eac0230cd11ee75680969dcbe72a"
            },
            "dist": {
                "type": "zip",
                "url": "https://api.github.com/repos/php-gettext/Gettext/zipball/77baf40326b4eac0230cd11ee75680969dcbe72a",
                "reference": "77baf40326b4eac0230cd11ee75680969dcbe72a",
                "shasum": ""
            },
            "require": {
                "gettext/languages": "^2.3",
                "php": "^7.2|^8.0"
            },
            "require-dev": {
                "brick/varexporter": "^0.2.1",
                "friendsofphp/php-cs-fixer": "^2.15",
                "oscarotero/php-cs-fixer-config": "^1.0",
                "phpunit/phpunit": "^8.0",
                "squizlabs/php_codesniffer": "^3.0"
            },
            "type": "library",
            "autoload": {
                "psr-4": {
                    "Gettext\\": "src"
                }
            },
            "notification-url": "https://packagist.org/downloads/",
            "license": [
                "MIT"
            ],
            "authors": [
                {
                    "name": "Oscar Otero",
                    "email": "oom@oscarotero.com",
                    "homepage": "http://oscarotero.com",
                    "role": "Developer"
                }
            ],
            "description": "PHP gettext manager",
            "homepage": "https://github.com/php-gettext/Gettext",
            "keywords": [
                "JS",
                "gettext",
                "i18n",
                "mo",
                "po",
                "translation"
            ],
            "support": {
                "email": "oom@oscarotero.com",
                "issues": "https://github.com/php-gettext/Gettext/issues",
                "source": "https://github.com/php-gettext/Gettext/tree/v5.5.4"
            },
            "time": "2020-12-20T13:37:30+00:00"
        },
        {
            "name": "gettext/languages",
            "version": "2.6.0",
            "source": {
                "type": "git",
                "url": "https://github.com/php-gettext/Languages.git",
                "reference": "38ea0482f649e0802e475f0ed19fa993bcb7a618"
            },
            "dist": {
                "type": "zip",
                "url": "https://api.github.com/repos/php-gettext/Languages/zipball/38ea0482f649e0802e475f0ed19fa993bcb7a618",
                "reference": "38ea0482f649e0802e475f0ed19fa993bcb7a618",
                "shasum": ""
            },
            "require": {
                "php": ">=5.3"
            },
            "require-dev": {
                "friendsofphp/php-cs-fixer": "^2.16.0",
                "phpunit/phpunit": "^4.8 || ^5.7 || ^6.5 || ^7.5 || ^8.4"
            },
            "bin": [
                "bin/export-plural-rules"
            ],
            "type": "library",
            "autoload": {
                "psr-4": {
                    "Gettext\\Languages\\": "src/"
                }
            },
            "notification-url": "https://packagist.org/downloads/",
            "license": [
                "MIT"
            ],
            "authors": [
                {
                    "name": "Michele Locati",
                    "email": "mlocati@gmail.com",
                    "role": "Developer"
                }
            ],
            "description": "gettext languages with plural rules",
            "homepage": "https://github.com/php-gettext/Languages",
            "keywords": [
                "cldr",
                "i18n",
                "internationalization",
                "l10n",
                "language",
                "languages",
                "localization",
                "php",
                "plural",
                "plural rules",
                "plurals",
                "translate",
                "translations",
                "unicode"
            ],
            "support": {
                "issues": "https://github.com/php-gettext/Languages/issues",
                "source": "https://github.com/php-gettext/Languages/tree/2.6.0"
            },
            "time": "2019-11-13T10:30:21+00:00"
        },
        {
            "name": "jmathai/php-multi-curl",
            "version": "dev-master",
            "source": {
                "type": "git",
                "url": "https://github.com/jmathai/php-multi-curl.git",
                "reference": "33c5d80128e6ea1e72a9440ffbdb8fab05a472da"
            },
            "dist": {
                "type": "zip",
                "url": "https://api.github.com/repos/jmathai/php-multi-curl/zipball/33c5d80128e6ea1e72a9440ffbdb8fab05a472da",
                "reference": "33c5d80128e6ea1e72a9440ffbdb8fab05a472da",
                "shasum": ""
            },
            "require-dev": {
                "phpunit/phpunit": "4.0.*"
            },
            "default-branch": true,
            "type": "library",
            "autoload": {
                "psr-4": {
                    "JMathai\\PhpMultiCurl\\": "src"
                }
            },
            "notification-url": "https://packagist.org/downloads/",
            "license": [
                "Apache"
            ],
            "description": "A high performance PHP library for asynchronous curl http calls.",
            "keywords": [
                "asynchronous",
                "curl",
                "parallel",
                "php-multi-curl"
            ],
            "support": {
                "issues": "https://github.com/jmathai/php-multi-curl/issues",
                "source": "https://github.com/jmathai/php-multi-curl/tree/master"
            },
            "time": "2016-12-03T03:27:02+00:00"
        }
    ],
    "packages-dev": [],
    "aliases": [],
    "minimum-stability": "stable",
    "stability-flags": {
        "jmathai/php-multi-curl": 20
    },
    "prefer-stable": false,
    "prefer-lowest": false,
    "platform": [],
    "platform-dev": [],
    "plugin-api-version": "2.0.0"
}
